
Microsoft Visual Studio Solution File, Format Version 12.00
# Visual Studio 15
VisualStudioVersion = 15.0.27130.2027
MinimumVisualStudioVersion = 10.0.40219.1
Project("{9A19103F-16F7-4668-BE54-9A1E7A4F7556}") = "Lab1A", "Lab1A\Lab1A.csproj", "{8C1F250D-152C-4BC1-BBFF-D9842AB44A05}"
EndProject
Project("{9A19103F-16F7-4668-BE54-9A1E7A4F7556}") = "DealershipTesting", "DealershipTesting\DealershipTesting.csproj", "{DD210C14-7399-411B-B607-76758E02230D}"
EndProject
Project("{FAE04EC0-301F-11D3-BF4B-00C04F79EFBC}") = "Lab1B", "Lab1B\Lab1B.csproj", "{9774FCDE-70C1-4754-80DA-BFC59FBE99B5}"
EndProject
Global
	GlobalSection(SolutionConfigurationPlatforms) = preSolution
		Debug|Any CPU = Debug|Any CPU
		Release|Any CPU = Release|Any CPU
	EndGlobalSection
	GlobalSection(ProjectConfigurationPlatforms) = postSolution
		{8C1F250D-152C-4BC1-BBFF-D9842AB44A05}.Debug|Any CPU.ActiveCfg = Debug|Any CPU
		{8C1F250D-152C-4BC1-BBFF-D9842AB44A05}.Debug|Any CPU.Build.0 = Debug|Any CPU
		{8C1F250D-152C-4BC1-BBFF-D9842AB44A05}.Release|Any CPU.ActiveCfg = Release|Any CPU
		{8C1F250D-152C-4BC1-BBFF-D9842AB44A05}.Release|Any CPU.Build.0 = Release|Any CPU
		{DD210C14-7399-411B-B607-76758E02230D}.Debug|Any CPU.ActiveCfg = Debug|Any CPU
		{DD210C14-7399-411B-B607-76758E02230D}.Debug|Any CPU.Build.0 = Debug|Any CPU
		{DD210C14-7399-411B-B607-76758E02230D}.Release|Any CPU.ActiveCfg = Release|Any CPU
		{DD210C14-7399-411B-B607-76758E02230D}.Release|Any CPU.Build.0 = Release|Any CPU
		{9774FCDE-70C1-4754-80DA-BFC59FBE99B5}.Debug|Any CPU.ActiveCfg = Debug|Any CPU
		{9774FCDE-70C1-4754-80DA-BFC59FBE99B5}.Debug|Any CPU.Build.0 = Debug|Any CPU
		{9774FCDE-70C1-4754-80DA-BFC59FBE99B5}.Release|Any CPU.ActiveCfg = Release|Any CPU
		{9774FCDE-70C1-4754-80DA-BFC59FBE99B5}.Release|Any CPU.Build.0 = Release|Any CPU
	EndGlobalSection
	GlobalSection(SolutionProperties) = preSolution
		HideSolutionNode = FALSE
	EndGlobalSection
	GlobalSection(ExtensibilityGlobals) = postSolution
		SolutionGuid = {8A9A7A74-101D-44BB-B064-7B411D23147B}
	EndGlobalSection
EndGlobal
